// !$*UTF8*$!
{
	archiveVersion = 1;
	classes = {
	};
	objectVersion = 51;
	objects = {

/* Begin PBXBuildFile section */
		8B0A525D264632090050A673 /* AppDelegate.swift in Sources */ = {isa = PBXBuildFile; fileRef = 8B0A525C264632090050A673 /* AppDelegate.swift */; };
		8B0A525F264632090050A673 /* SceneDelegate.swift in Sources */ = {isa = PBXBuildFile; fileRef = 8B0A525E264632090050A673 /* SceneDelegate.swift */; };
		8B0A5261264632090050A673 /* LoginViewController.swift in Sources */ = {isa = PBXBuildFile; fileRef = 8B0A5260264632090050A673 /* LoginViewController.swift */; };
		8B0A5264264632090050A673 /* Main.storyboard in Resources */ = {isa = PBXBuildFile; fileRef = 8B0A5262264632090050A673 /* Main.storyboard */; };
		8B0A52662646320A0050A673 /* Assets.xcassets in Resources */ = {isa = PBXBuildFile; fileRef = 8B0A52652646320A0050A673 /* Assets.xcassets */; };
		8B0A52692646320A0050A673 /* LaunchScreen.storyboard in Resources */ = {isa = PBXBuildFile; fileRef = 8B0A52672646320A0050A673 /* LaunchScreen.storyboard */; };
		8B0A5272264636A50050A673 /* GoogleService-Info.plist in Resources */ = {isa = PBXBuildFile; fileRef = 8B0A5271264636A50050A673 /* GoogleService-Info.plist */; };
		8BCDDBA226471B49007AB677 /* DashboardViewController.swift in Sources */ = {isa = PBXBuildFile; fileRef = 8BCDDBA126471B49007AB677 /* DashboardViewController.swift */; };
		8BCDDBA526472085007AB677 /* NewGameViewController.swift in Sources */ = {isa = PBXBuildFile; fileRef = 8BCDDBA426472085007AB677 /* NewGameViewController.swift */; };
		8BCDDBC826473C0F007AB677 /* Game.swift in Sources */ = {isa = PBXBuildFile; fileRef = 8BCDDBC726473C0F007AB677 /* Game.swift */; };
		8BCDDBCC26473D6A007AB677 /* Player.swift in Sources */ = {isa = PBXBuildFile; fileRef = 8BCDDBCB26473D6A007AB677 /* Player.swift */; };
		D624D6E727FC585B7B783968 /* Pods_VictoryPoints.framework in Frameworks */ = {isa = PBXBuildFile; fileRef = 0153A225848B5F75FFFBC68C /* Pods_VictoryPoints.framework */; };
/* End PBXBuildFile section */

/* Begin PBXFileReference section */
		0153A225848B5F75FFFBC68C /* Pods_VictoryPoints.framework */ = {isa = PBXFileReference; explicitFileType = wrapper.framework; includeInIndex = 0; path = Pods_VictoryPoints.framework; sourceTree = BUILT_PRODUCTS_DIR; };
		8B0A5259264632090050A673 /* VictoryPoints.app */ = {isa = PBXFileReference; explicitFileType = wrapper.application; includeInIndex = 0; path = VictoryPoints.app; sourceTree = BUILT_PRODUCTS_DIR; };
		8B0A525C264632090050A673 /* AppDelegate.swift */ = {isa = PBXFileReference; lastKnownFileType = sourcecode.swift; path = AppDelegate.swift; sourceTree = "<group>"; };
		8B0A525E264632090050A673 /* SceneDelegate.swift */ = {isa = PBXFileReference; lastKnownFileType = sourcecode.swift; path = SceneDelegate.swift; sourceTree = "<group>"; };
		8B0A5260264632090050A673 /* LoginViewController.swift */ = {isa = PBXFileReference; lastKnownFileType = sourcecode.swift; path = LoginViewController.swift; sourceTree = "<group>"; };
		8B0A5263264632090050A673 /* Base */ = {isa = PBXFileReference; lastKnownFileType = file.storyboard; name = Base; path = Base.lproj/Main.storyboard; sourceTree = "<group>"; };
		8B0A52652646320A0050A673 /* Assets.xcassets */ = {isa = PBXFileReference; lastKnownFileType = folder.assetcatalog; path = Assets.xcassets; sourceTree = "<group>"; };
		8B0A52682646320A0050A673 /* Base */ = {isa = PBXFileReference; lastKnownFileType = file.storyboard; name = Base; path = Base.lproj/LaunchScreen.storyboard; sourceTree = "<group>"; };
		8B0A526A2646320A0050A673 /* Info.plist */ = {isa = PBXFileReference; lastKnownFileType = text.plist.xml; path = Info.plist; sourceTree = "<group>"; };
		8B0A5271264636A50050A673 /* GoogleService-Info.plist */ = {isa = PBXFileReference; fileEncoding = 4; lastKnownFileType = text.plist.xml; path = "GoogleService-Info.plist"; sourceTree = "<group>"; };
		8BCDDBA126471B49007AB677 /* DashboardViewController.swift */ = {isa = PBXFileReference; lastKnownFileType = sourcecode.swift; path = DashboardViewController.swift; sourceTree = "<group>"; };
		8BCDDBA426472085007AB677 /* NewGameViewController.swift */ = {isa = PBXFileReference; lastKnownFileType = sourcecode.swift; path = NewGameViewController.swift; sourceTree = "<group>"; };
		8BCDDBC726473C0F007AB677 /* Game.swift */ = {isa = PBXFileReference; lastKnownFileType = sourcecode.swift; path = Game.swift; sourceTree = "<group>"; };
		8BCDDBCB26473D6A007AB677 /* Player.swift */ = {isa = PBXFileReference; lastKnownFileType = sourcecode.swift; path = Player.swift; sourceTree = "<group>"; };
		9DC1323A6CB73E4818C4274F /* Pods-VictoryPoints.debug.xcconfig */ = {isa = PBXFileReference; includeInIndex = 1; lastKnownFileType = text.xcconfig; name = "Pods-VictoryPoints.debug.xcconfig"; path = "Target Support Files/Pods-VictoryPoints/Pods-VictoryPoints.debug.xcconfig"; sourceTree = "<group>"; };
		EBC19C8F0F8D17281DACB489 /* Pods-VictoryPoints.release.xcconfig */ = {isa = PBXFileReference; includeInIndex = 1; lastKnownFileType = text.xcconfig; name = "Pods-VictoryPoints.release.xcconfig"; path = "Target Support Files/Pods-VictoryPoints/Pods-VictoryPoints.release.xcconfig"; sourceTree = "<group>"; };
/* End PBXFileReference section */

/* Begin PBXFrameworksBuildPhase section */
		8B0A5256264632090050A673 /* Frameworks */ = {
			isa = PBXFrameworksBuildPhase;
			buildActionMask = 2147483647;
			files = (
				D624D6E727FC585B7B783968 /* Pods_VictoryPoints.framework in Frameworks */,
			);
			runOnlyForDeploymentPostprocessing = 0;
		};
/* End PBXFrameworksBuildPhase section */

/* Begin PBXGroup section */
		8B0A5250264632090050A673 = {
			isa = PBXGroup;
			children = (
				8B0A525B264632090050A673 /* VictoryPoints */,
				8B0A525A264632090050A673 /* Products */,
				8C808A448B16BE647B8E86AF /* Pods */,
				96EA93E6F7F3777E88118838 /* Frameworks */,
			);
			sourceTree = "<group>";
		};
		8B0A525A264632090050A673 /* Products */ = {
			isa = PBXGroup;
			children = (
				8B0A5259264632090050A673 /* VictoryPoints.app */,
			);
			name = Products;
			sourceTree = "<group>";
		};
		8B0A525B264632090050A673 /* VictoryPoints */ = {
			isa = PBXGroup;
			children = (
				8B0A525C264632090050A673 /* AppDelegate.swift */,
				8B0A525E264632090050A673 /* SceneDelegate.swift */,
				8BCDDBC726473C0F007AB677 /* Game.swift */,
				8BCDDBCB26473D6A007AB677 /* Player.swift */,
				8B0A5260264632090050A673 /* LoginViewController.swift */,
				8BCDDBA126471B49007AB677 /* DashboardViewController.swift */,
				8BCDDBA426472085007AB677 /* NewGameViewController.swift */,
				8B0A5262264632090050A673 /* Main.storyboard */,
				8B0A52652646320A0050A673 /* Assets.xcassets */,
				8B0A52672646320A0050A673 /* LaunchScreen.storyboard */,
				8B0A526A2646320A0050A673 /* Info.plist */,
				8B0A5271264636A50050A673 /* GoogleService-Info.plist */,
			);
			path = VictoryPoints;
			sourceTree = "<group>";
		};
		8C808A448B16BE647B8E86AF /* Pods */ = {
			isa = PBXGroup;
			children = (
				9DC1323A6CB73E4818C4274F /* Pods-VictoryPoints.debug.xcconfig */,
				EBC19C8F0F8D17281DACB489 /* Pods-VictoryPoints.release.xcconfig */,
			);
			path = Pods;
			sourceTree = "<group>";
		};
		96EA93E6F7F3777E88118838 /* Frameworks */ = {
			isa = PBXGroup;
			children = (
				0153A225848B5F75FFFBC68C /* Pods_VictoryPoints.framework */,
			);
			name = Frameworks;
			sourceTree = "<group>";
		};
/* End PBXGroup section */

/* Begin PBXNativeTarget section */
		8B0A5258264632090050A673 /* VictoryPoints */ = {
			isa = PBXNativeTarget;
			buildConfigurationList = 8B0A526D2646320A0050A673 /* Build configuration list for PBXNativeTarget "VictoryPoints" */;
			buildPhases = (
				FD112790F50E1D471E007EBF /* [CP] Check Pods Manifest.lock */,
				8B0A5255264632090050A673 /* Sources */,
				8B0A5256264632090050A673 /* Frameworks */,
				8B0A5257264632090050A673 /* Resources */,
				AD3E8A2692D11E1E26D633C2 /* [CP] Embed Pods Frameworks */,
				813A1F6309C953321E1C8841 /* [CP] Copy Pods Resources */,
			);
			buildRules = (
			);
			dependencies = (
			);
			name = VictoryPoints;
			productName = VictoryPoints;
			productReference = 8B0A5259264632090050A673 /* VictoryPoints.app */;
			productType = "com.apple.product-type.application";
		};
/* End PBXNativeTarget section */

/* Begin PBXProject section */
		8B0A5251264632090050A673 /* Project object */ = {
			isa = PBXProject;
			attributes = {
				LastSwiftUpdateCheck = 1240;
				LastUpgradeCheck = 1240;
				TargetAttributes = {
					8B0A5258264632090050A673 = {
						CreatedOnToolsVersion = 12.4;
					};
				};
			};
			buildConfigurationList = 8B0A5254264632090050A673 /* Build configuration list for PBXProject "VictoryPoints" */;
			compatibilityVersion = "Xcode 9.3";
			developmentRegion = en;
			hasScannedForEncodings = 0;
			knownRegions = (
				en,
				Base,
			);
			mainGroup = 8B0A5250264632090050A673;
			productRefGroup = 8B0A525A264632090050A673 /* Products */;
			projectDirPath = "";
			projectRoot = "";
			targets = (
				8B0A5258264632090050A673 /* VictoryPoints */,
			);
		};
/* End PBXProject section */

/* Begin PBXResourcesBuildPhase section */
		8B0A5257264632090050A673 /* Resources */ = {
			isa = PBXResourcesBuildPhase;
			buildActionMask = 2147483647;
			files = (
				8B0A52692646320A0050A673 /* LaunchScreen.storyboard in Resources */,
				8B0A5272264636A50050A673 /* GoogleService-Info.plist in Resources */,
				8B0A52662646320A0050A673 /* Assets.xcassets in Resources */,
				8B0A5264264632090050A673 /* Main.storyboard in Resources */,
			);
			runOnlyForDeploymentPostprocessing = 0;
		};
/* End PBXResourcesBuildPhase section */

/* Begin PBXShellScriptBuildPhase section */
		813A1F6309C953321E1C8841 /* [CP] Copy Pods Resources */ = {
			isa = PBXShellScriptBuildPhase;
			buildActionMask = 2147483647;
			files = (
			);
			inputFileListPaths = (
				"${PODS_ROOT}/Target Support Files/Pods-VictoryPoints/Pods-VictoryPoints-resources-${CONFIGURATION}-input-files.xcfilelist",
			);
			name = "[CP] Copy Pods Resources";
			outputFileListPaths = (
				"${PODS_ROOT}/Target Support Files/Pods-VictoryPoints/Pods-VictoryPoints-resources-${CONFIGURATION}-output-files.xcfilelist",
			);
			runOnlyForDeploymentPostprocessing = 0;
			shellPath = /bin/sh;
			shellScript = "\"${PODS_ROOT}/Target Support Files/Pods-VictoryPoints/Pods-VictoryPoints-resources.sh\"\n";
			showEnvVarsInLog = 0;
		};
		AD3E8A2692D11E1E26D633C2 /* [CP] Embed Pods Frameworks */ = {
			isa = PBXShellScriptBuildPhase;
			buildActionMask = 2147483647;
			files = (
			);
			inputFileListPaths = (
				"${PODS_ROOT}/Target Support Files/Pods-VictoryPoints/Pods-VictoryPoints-frameworks-${CONFIGURATION}-input-files.xcfilelist",
			);
			name = "[CP] Embed Pods Frameworks";
			outputFileListPaths = (
				"${PODS_ROOT}/Target Support Files/Pods-VictoryPoints/Pods-VictoryPoints-frameworks-${CONFIGURATION}-output-files.xcfilelist",
			);
			runOnlyForDeploymentPostprocessing = 0;
			shellPath = /bin/sh;
			shellScript = "\"${PODS_ROOT}/Target Support Files/Pods-VictoryPoints/Pods-VictoryPoints-frameworks.sh\"\n";
			showEnvVarsInLog = 0;
		};
		FD112790F50E1D471E007EBF /* [CP] Check Pods Manifest.lock */ = {
			isa = PBXShellScriptBuildPhase;
			buildActionMask = 2147483647;
			files = (
			);
			inputFileListPaths = (
			);
			inputPaths = (
				"${PODS_PODFILE_DIR_PATH}/Podfile.lock",
				"${PODS_ROOT}/Manifest.lock",
			);
			name = "[CP] Check Pods Manifest.lock";
			outputFileListPaths = (
			);
			outputPaths = (
				"$(DERIVED_FILE_DIR)/Pods-VictoryPoints-checkManifestLockResult.txt",
			);
			runOnlyForDeploymentPostprocessing = 0;
			shellPath = /bin/sh;
			shellScript = "diff \"${PODS_PODFILE_DIR_PATH}/Podfile.lock\" \"${PODS_ROOT}/Manifest.lock\" > /dev/null\nif [ $? != 0 ] ; then\n    # print error to STDERR\n    echo \"error: The sandbox is not in sync with the Podfile.lock. Run 'pod install' or update your CocoaPods installation.\" >&2\n    exit 1\nfi\n# This output is used by Xcode 'outputs' to avoid re-running this script phase.\necho \"SUCCESS\" > \"${SCRIPT_OUTPUT_FILE_0}\"\n";
			showEnvVarsInLog = 0;
		};
/* End PBXShellScriptBuildPhase section */

/* Begin PBXSourcesBuildPhase section */
		8B0A5255264632090050A673 /* Sources */ = {
			isa = PBXSourcesBuildPhase;
			buildActionMask = 2147483647;
			files = (
				8B0A5261264632090050A673 /* LoginViewController.swift in Sources */,
				8B0A525D264632090050A673 /* AppDelegate.swift in Sources */,
				8BCDDBA526472085007AB677 /* NewGameViewController.swift in Sources */,
				8BCDDBC826473C0F007AB677 /* Game.swift in Sources */,
				8BCDDBCC26473D6A007AB677 /* Player.swift in Sources */,
				8B0A525F264632090050A673 /* SceneDelegate.swift in Sources */,
				8BCDDBA226471B49007AB677 /* DashboardViewController.swift in Sources */,
			);
			runOnlyForDeploymentPostprocessing = 0;
		};
/* End PBXSourcesBuildPhase section */

/* Begin PBXVariantGroup section */
		8B0A5262264632090050A673 /* Main.storyboard */ = {
			isa = PBXVariantGroup;
			children = (
				8B0A5263264632090050A673 /* Base */,
			);
			name = Main.storyboard;
			sourceTree = "<group>";
		};
		8B0A52672646320A0050A673 /* LaunchScreen.storyboard */ = {
			isa = PBXVariantGroup;
			children = (
				8B0A52682646320A0050A673 /* Base */,
			);
			name = LaunchScreen.storyboard;
			sourceTree = "<group>";
		};
/* End PBXVariantGroup section */

/* Begin XCBuildConfiguration section */
		8B0A526B2646320A0050A673 /* Debug */ = {
			isa = XCBuildConfiguration;
			buildSettings = {
				ALWAYS_SEARCH_USER_PATHS = NO;
				CLANG_ANALYZER_NONNULL = YES;
				CLANG_ANALYZER_NUMBER_OBJECT_CONVERSION = YES_AGGRESSIVE;
				CLANG_CXX_LANGUAGE_STANDARD = "gnu++14";
				CLANG_CXX_LIBRARY = "libc++";
				CLANG_ENABLE_MODULES = YES;
				CLANG_ENABLE_OBJC_ARC = YES;
				CLANG_ENABLE_OBJC_WEAK = YES;
				CLANG_WARN_BLOCK_CAPTURE_AUTORELEASING = YES;
				CLANG_WARN_BOOL_CONVERSION = YES;
				CLANG_WARN_COMMA = YES;
				CLANG_WARN_CONSTANT_CONVERSION = YES;
				CLANG_WARN_DEPRECATED_OBJC_IMPLEMENTATIONS = YES;
				CLANG_WARN_DIRECT_OBJC_ISA_USAGE = YES_ERROR;
				CLANG_WARN_DOCUMENTATION_COMMENTS = YES;
				CLANG_WARN_EMPTY_BODY = YES;
				CLANG_WARN_ENUM_CONVERSION = YES;
				CLANG_WARN_INFINITE_RECURSION = YES;
				CLANG_WARN_INT_CONVERSION = YES;
				CLANG_WARN_NON_LITERAL_NULL_CONVERSION = YES;
				CLANG_WARN_OBJC_IMPLICIT_RETAIN_SELF = YES;
				CLANG_WARN_OBJC_LITERAL_CONVERSION = YES;
				CLANG_WARN_OBJC_ROOT_CLASS = YES_ERROR;
				CLANG_WARN_QUOTED_INCLUDE_IN_FRAMEWORK_HEADER = YES;
				CLANG_WARN_RANGE_LOOP_ANALYSIS = YES;
				CLANG_WARN_STRICT_PROTOTYPES = YES;
				CLANG_WARN_SUSPICIOUS_MOVE = YES;
				CLANG_WARN_UNGUARDED_AVAILABILITY = YES_AGGRESSIVE;
				CLANG_WARN_UNREACHABLE_CODE = YES;
				CLANG_WARN__DUPLICATE_METHOD_MATCH = YES;
				COPY_PHASE_STRIP = NO;
				DEBUG_INFORMATION_FORMAT = dwarf;
				ENABLE_STRICT_OBJC_MSGSEND = YES;
				ENABLE_TESTABILITY = YES;
				GCC_C_LANGUAGE_STANDARD = gnu11;
				GCC_DYNAMIC_NO_PIC = NO;
				GCC_NO_COMMON_BLOCKS = YES;
				GCC_OPTIMIZATION_LEVEL = 0;
				GCC_PREPROCESSOR_DEFINITIONS = (
					"DEBUG=1",
					"$(inherited)",
				);
				GCC_WARN_64_TO_32_BIT_CONVERSION = YES;
				GCC_WARN_ABOUT_RETURN_TYPE = YES_ERROR;
				GCC_WARN_UNDECLARED_SELECTOR = YES;
				GCC_WARN_UNINITIALIZED_AUTOS = YES_AGGRESSIVE;
				GCC_WARN_UNUSED_FUNCTION = YES;
				GCC_WARN_UNUSED_VARIABLE = YES;
				IPHONEOS_DEPLOYMENT_TARGET = 14.4;
				MTL_ENABLE_DEBUG_INFO = INCLUDE_SOURCE;
				MTL_FAST_MATH = YES;
				ONLY_ACTIVE_ARCH = YES;
				SDKROOT = iphoneos;
				SWIFT_ACTIVE_COMPILATION_CONDITIONS = DEBUG;
				SWIFT_OPTIMIZATION_LEVEL = "-Onone";
			};
			name = Debug;
		};
		8B0A526C2646320A0050A673 /* Release */ = {
			isa = XCBuildConfiguration;
			buildSettings = {
				ALWAYS_SEARCH_USER_PATHS = NO;
				CLANG_ANALYZER_NONNULL = YES;
				CLANG_ANALYZER_NUMBER_OBJECT_CONVERSION = YES_AGGRESSIVE;
				CLANG_CXX_LANGUAGE_STANDARD = "gnu++14";
				CLANG_CXX_LIBRARY = "libc++";
				CLANG_ENABLE_MODULES = YES;
				CLANG_ENABLE_OBJC_ARC = YES;
				CLANG_ENABLE_OBJC_WEAK = YES;
				CLANG_WARN_BLOCK_CAPTURE_AUTORELEASING = YES;
				CLANG_WARN_BOOL_CONVERSION = YES;
				CLANG_WARN_COMMA = YES;
				CLANG_WARN_CONSTANT_CONVERSION = YES;
				CLANG_WARN_DEPRECATED_OBJC_IMPLEMENTATIONS = YES;
				CLANG_WARN_DIRECT_OBJC_ISA_USAGE = YES_ERROR;
				CLANG_WARN_DOCUMENTATION_COMMENTS = YES;
				CLANG_WARN_EMPTY_BODY = YES;
				CLANG_WARN_ENUM_CONVERSION = YES;
				CLANG_WARN_INFINITE_RECURSION = YES;
				CLANG_WARN_INT_CONVERSION = YES;
				CLANG_WARN_NON_LITERAL_NULL_CONVERSION = YES;
				CLANG_WARN_OBJC_IMPLICIT_RETAIN_SELF = YES;
				CLANG_WARN_OBJC_LITERAL_CONVERSION = YES;
				CLANG_WARN_OBJC_ROOT_CLASS = YES_ERROR;
				CLANG_WARN_QUOTED_INCLUDE_IN_FRAMEWORK_HEADER = YES;
				CLANG_WARN_RANGE_LOOP_ANALYSIS = YES;
				CLANG_WARN_STRICT_PROTOTYPES = YES;
				CLANG_WARN_SUSPICIOUS_MOVE = YES;
				CLANG_WARN_UNGUARDED_AVAILABILITY = YES_AGGRESSIVE;
				CLANG_WARN_UNREACHABLE_CODE = YES;
				CLANG_WARN__DUPLICATE_METHOD_MATCH = YES;
				COPY_PHASE_STRIP = NO;
				DEBUG_INFORMATION_FORMAT = "dwarf-with-dsym";
				ENABLE_NS_ASSERTIONS = NO;
				ENABLE_STRICT_OBJC_MSGSEND = YES;
				GCC_C_LANGUAGE_STANDARD = gnu11;
				GCC_NO_COMMON_BLOCKS = YES;
				GCC_WARN_64_TO_32_BIT_CONVERSION = YES;
				GCC_WARN_ABOUT_RETURN_TYPE = YES_ERROR;
				GCC_WARN_UNDECLARED_SELECTOR = YES;
				GCC_WARN_UNINITIALIZED_AUTOS = YES_AGGRESSIVE;
				GCC_WARN_UNUSED_FUNCTION = YES;
				GCC_WARN_UNUSED_VARIABLE = YES;
				IPHONEOS_DEPLOYMENT_TARGET = 14.4;
				MTL_ENABLE_DEBUG_INFO = NO;
				MTL_FAST_MATH = YES;
				SDKROOT = iphoneos;
				SWIFT_COMPILATION_MODE = wholemodule;
				SWIFT_OPTIMIZATION_LEVEL = "-O";
				VALIDATE_PRODUCT = YES;
			};
			name = Release;
		};
		8B0A526E2646320A0050A673 /* Debug */ = {
			isa = XCBuildConfiguration;
			baseConfigurationReference = 9DC1323A6CB73E4818C4274F /* Pods-VictoryPoints.debug.xcconfig */;
			buildSettings = {
				ASSETCATALOG_COMPILER_APPICON_NAME = AppIcon;
				ASSETCATALOG_COMPILER_GLOBAL_ACCENT_COLOR_NAME = AccentColor;
				CODE_SIGN_STYLE = Automatic;
				DEVELOPMENT_TEAM = 29T699939L;
				INFOPLIST_FILE = VictoryPoints/Info.plist;
				LD_RUNPATH_SEARCH_PATHS = (
					"$(inherited)",
					"@executable_path/Frameworks",
				);
				PRODUCT_BUNDLE_IDENTIFIER = "Adam-Del-Castillo.VictoryPoints";
				PRODUCT_NAME = "$(TARGET_NAME)";
				SWIFT_VERSION = 5.0;
				TARGETED_DEVICE_FAMILY = "1,2";
			};
			name = Debug;
		};
		8B0A526F2646320A0050A673 /* Release */ = {
			isa = XCBuildConfiguration;
			baseConfigurationReference = EBC19C8F0F8D17281DACB489 /* Pods-VictoryPoints.release.xcconfig */;
			buildSettings = {
				ASSETCATALOG_COMPILER_APPICON_NAME = AppIcon;
				ASSETCATALOG_COMPILER_GLOBAL_ACCENT_COLOR_NAME = AccentColor;
				CODE_SIGN_STYLE = Automatic;
				DEVELOPMENT_TEAM = 29T699939L;
				INFOPLIST_FILE = VictoryPoints/Info.plist;
				LD_RUNPATH_SEARCH_PATHS = (
					"$(inherited)",
					"@executable_path/Frameworks",
				);
				PRODUCT_BUNDLE_IDENTIFIER = "Adam-Del-Castillo.VictoryPoints";
				PRODUCT_NAME = "$(TARGET_NAME)";
				SWIFT_VERSION = 5.0;
				TARGETED_DEVICE_FAMILY = "1,2";
			};
			name = Release;
		};
/* End XCBuildConfiguration section */

/* Begin XCConfigurationList section */
		8B0A5254264632090050A673 /* Build configuration list for PBXProject "VictoryPoints" */ = {
			isa = XCConfigurationList;
			buildConfigurations = (
				8B0A526B2646320A0050A673 /* Debug */,
				8B0A526C2646320A0050A673 /* Release */,
			);
			defaultConfigurationIsVisible = 0;
			defaultConfigurationName = Release;
		};
		8B0A526D2646320A0050A673 /* Build configuration list for PBXNativeTarget "VictoryPoints" */ = {
			isa = XCConfigurationList;
			buildConfigurations = (
				8B0A526E2646320A0050A673 /* Debug */,
				8B0A526F2646320A0050A673 /* Release */,
			);
			defaultConfigurationIsVisible = 0;
			defaultConfigurationName = Release;
		};
/* End XCConfigurationList section */
	};
	rootObject = 8B0A5251264632090050A673 /* Project object */;
}
